
Microsoft Visual Studio Solution File, Format Version 12.00
# Visual Studio Version 17
VisualStudioVersion = 17.1.32210.238
MinimumVisualStudioVersion = 10.0.40219.1
Project("{2150E333-8FDC-42A3-9474-1A3956D46DE8}") = "domain", "domain", "{BF1BC1DF-B36B-495F-9A54-73D8E3A17E6B}"
EndProject
Project("{9A19103F-16F7-4668-BE54-9A1E7A4F7556}") = "Store", "domain\Store\Store.csproj", "{AEB1EFF1-79D5-4ED0-913D-FD3BA3EDB534}"
EndProject
Project("{2150E333-8FDC-42A3-9474-1A3956D46DE8}") = "infrastructure", "infrastructure", "{60278E07-049D-4CD5-A4EB-CCA4B4E37FB7}"
EndProject
Project("{FAE04EC0-301F-11D3-BF4B-00C04F79EFBC}") = "Store.Memory", "infrastructure\Store.Memory\Store.Memory.csproj", "{02B94E18-E62D-41AB-BF62-9D2F3BF48DDD}"
EndProject
Project("{2150E333-8FDC-42A3-9474-1A3956D46DE8}") = "presentation", "presentation", "{161E2560-BB39-42EC-AFDD-8CABA5751308}"
EndProject
Project("{FAE04EC0-301F-11D3-BF4B-00C04F79EFBC}") = "Store.Web", "presentation\Store.Web\Store.Web.csproj", "{9F448FA9-F9BB-4C66-82B0-F196C589C9F6}"
EndProject
Global
	GlobalSection(SolutionConfigurationPlatforms) = preSolution
		Debug|Any CPU = Debug|Any CPU
		Release|Any CPU = Release|Any CPU
	EndGlobalSection
	GlobalSection(ProjectConfigurationPlatforms) = postSolution
		{AEB1EFF1-79D5-4ED0-913D-FD3BA3EDB534}.Debug|Any CPU.ActiveCfg = Debug|Any CPU
		{AEB1EFF1-79D5-4ED0-913D-FD3BA3EDB534}.Debug|Any CPU.Build.0 = Debug|Any CPU
		{AEB1EFF1-79D5-4ED0-913D-FD3BA3EDB534}.Release|Any CPU.ActiveCfg = Release|Any CPU
		{AEB1EFF1-79D5-4ED0-913D-FD3BA3EDB534}.Release|Any CPU.Build.0 = Release|Any CPU
		{02B94E18-E62D-41AB-BF62-9D2F3BF48DDD}.Debug|Any CPU.ActiveCfg = Debug|Any CPU
		{02B94E18-E62D-41AB-BF62-9D2F3BF48DDD}.Debug|Any CPU.Build.0 = Debug|Any CPU
		{02B94E18-E62D-41AB-BF62-9D2F3BF48DDD}.Release|Any CPU.ActiveCfg = Release|Any CPU
		{02B94E18-E62D-41AB-BF62-9D2F3BF48DDD}.Release|Any CPU.Build.0 = Release|Any CPU
		{9F448FA9-F9BB-4C66-82B0-F196C589C9F6}.Debug|Any CPU.ActiveCfg = Debug|Any CPU
		{9F448FA9-F9BB-4C66-82B0-F196C589C9F6}.Debug|Any CPU.Build.0 = Debug|Any CPU
		{9F448FA9-F9BB-4C66-82B0-F196C589C9F6}.Release|Any CPU.ActiveCfg = Release|Any CPU
		{9F448FA9-F9BB-4C66-82B0-F196C589C9F6}.Release|Any CPU.Build.0 = Release|Any CPU
	EndGlobalSection
	GlobalSection(SolutionProperties) = preSolution
		HideSolutionNode = FALSE
	EndGlobalSection
	GlobalSection(NestedProjects) = preSolution
		{AEB1EFF1-79D5-4ED0-913D-FD3BA3EDB534} = {BF1BC1DF-B36B-495F-9A54-73D8E3A17E6B}
		{02B94E18-E62D-41AB-BF62-9D2F3BF48DDD} = {60278E07-049D-4CD5-A4EB-CCA4B4E37FB7}
		{9F448FA9-F9BB-4C66-82B0-F196C589C9F6} = {161E2560-BB39-42EC-AFDD-8CABA5751308}
	EndGlobalSection
	GlobalSection(ExtensibilityGlobals) = postSolution
		SolutionGuid = {9959D8F5-227D-4448-8267-84C9723665D6}
	EndGlobalSection
EndGlobal
